
Microsoft Visual Studio Solution File, Format Version 12.00
# Visual Studio Version 17
VisualStudioVersion = 17.12.35707.178
MinimumVisualStudioVersion = 10.0.40219.1
Project("{FAE04EC0-301F-11D3-BF4B-00C04F79EFBC}") = "OnceMi.SkiaSharp.NativeAssets.Linux.LoongArch64", "OnceMi.SkiaSharp.NativeAssets.Linux.LoongArch64\OnceMi.SkiaSharp.NativeAssets.Linux.LoongArch64.csproj", "{8EE5F3C2-D32D-49DD-98B7-731732B39FE7}"
EndProject
Project("{FAE04EC0-301F-11D3-BF4B-00C04F79EFBC}") = "ConsoleTestApp", "ConsoleTestApp\ConsoleTestApp.csproj", "{9CA495EF-85EE-4D8A-8337-51986AE2493B}"
EndProject
Global
	GlobalSection(SolutionConfigurationPlatforms) = preSolution
		Debug|Any CPU = Debug|Any CPU
		Release|Any CPU = Release|Any CPU
	EndGlobalSection
	GlobalSection(ProjectConfigurationPlatforms) = postSolution
		{8EE5F3C2-D32D-49DD-98B7-731732B39FE7}.Debug|Any CPU.ActiveCfg = Debug|Any CPU
		{8EE5F3C2-D32D-49DD-98B7-731732B39FE7}.Debug|Any CPU.Build.0 = Debug|Any CPU
		{8EE5F3C2-D32D-49DD-98B7-731732B39FE7}.Release|Any CPU.ActiveCfg = Release|Any CPU
		{8EE5F3C2-D32D-49DD-98B7-731732B39FE7}.Release|Any CPU.Build.0 = Release|Any CPU
		{9CA495EF-85EE-4D8A-8337-51986AE2493B}.Debug|Any CPU.ActiveCfg = Debug|Any CPU
		{9CA495EF-85EE-4D8A-8337-51986AE2493B}.Debug|Any CPU.Build.0 = Debug|Any CPU
		{9CA495EF-85EE-4D8A-8337-51986AE2493B}.Release|Any CPU.ActiveCfg = Release|Any CPU
		{9CA495EF-85EE-4D8A-8337-51986AE2493B}.Release|Any CPU.Build.0 = Release|Any CPU
	EndGlobalSection
	GlobalSection(SolutionProperties) = preSolution
		HideSolutionNode = FALSE
	EndGlobalSection
EndGlobal
